// !$*UTF8*$!
{
	archiveVersion = 1;
	classes = {
	};
	objectVersion = 46;
	objects = {

/* Begin PBXBuildFile section */
		74DDA7521CB6CF1800054143 /* main.cpp in Sources */ = {isa = PBXBuildFile; fileRef = 74DDA7511CB6CF1800054143 /* main.cpp */; };
		74DDA75B1CB6CFC200054143 /* Student.cpp in Sources */ = {isa = PBXBuildFile; fileRef = 74DDA75A1CB6CFC200054143 /* Student.cpp */; };
/* End PBXBuildFile section */

/* Begin PBXCopyFilesBuildPhase section */
		74DDA74C1CB6CF1800054143 /* CopyFiles */ = {
			isa = PBXCopyFilesBuildPhase;
			buildActionMask = 2147483647;
			dstPath = /usr/share/man/man1/;
			dstSubfolderSpec = 0;
			files = (
			);
			runOnlyForDeploymentPostprocessing = 1;
		};
/* End PBXCopyFilesBuildPhase section */

/* Begin PBXFileReference section */
		74DDA74E1CB6CF1800054143 /* CPP_P3 */ = {isa = PBXFileReference; explicitFileType = "compiled.mach-o.executable"; includeInIndex = 0; path = CPP_P3; sourceTree = BUILT_PRODUCTS_DIR; };
		74DDA7511CB6CF1800054143 /* main.cpp */ = {isa = PBXFileReference; lastKnownFileType = sourcecode.cpp.cpp; path = main.cpp; sourceTree = "<group>"; };
		74DDA7581CB6CF2100054143 /* SortedList.h */ = {isa = PBXFileReference; lastKnownFileType = sourcecode.c.h; path = SortedList.h; sourceTree = "<group>"; };
		74DDA7591CB6CF2100054143 /* Student.h */ = {isa = PBXFileReference; lastKnownFileType = sourcecode.c.h; path = Student.h; sourceTree = "<group>"; };
		74DDA75A1CB6CFC200054143 /* Student.cpp */ = {isa = PBXFileReference; fileEncoding = 4; lastKnownFileType = sourcecode.cpp.cpp; path = Student.cpp; sourceTree = "<group>"; };
/* End PBXFileReference section */

/* Begin PBXFrameworksBuildPhase section */
		74DDA74B1CB6CF1800054143 /* Frameworks */ = {
			isa = PBXFrameworksBuildPhase;
			buildActionMask = 2147483647;
			files = (
			);
			runOnlyForDeploymentPostprocessing = 0;
		};
/* End PBXFrameworksBuildPhase section */

/* Begin PBXGroup section */
		74DDA7451CB6CF1800054143 = {
			isa = PBXGroup;
			children = (
				74DDA7501CB6CF1800054143 /* CPP_P3 */,
				74DDA74F1CB6CF1800054143 /* Products */,
			);
			sourceTree = "<group>";
		};
		74DDA74F1CB6CF1800054143 /* Products */ = {
			isa = PBXGroup;
			children = (
				74DDA74E1CB6CF1800054143 /* CPP_P3 */,
			);
			name = Products;
			sourceTree = "<group>";
		};
		74DDA7501CB6CF1800054143 /* CPP_P3 */ = {
			isa = PBXGroup;
			children = (
				74DDA7591CB6CF2100054143 /* Student.h */,
				74DDA75A1CB6CFC200054143 /* Student.cpp */,
				74DDA7581CB6CF2100054143 /* SortedList.h */,
				74DDA7511CB6CF1800054143 /* main.cpp */,
			);
			path = CPP_P3;
			sourceTree = "<group>";
		};
/* End PBXGroup section */

/* Begin PBXNativeTarget section */
		74DDA74D1CB6CF1800054143 /* CPP_P3 */ = {
			isa = PBXNativeTarget;
			buildConfigurationList = 74DDA7551CB6CF1800054143 /* Build configuration list for PBXNativeTarget "CPP_P3" */;
			buildPhases = (
				74DDA74A1CB6CF1800054143 /* Sources */,
				74DDA74B1CB6CF1800054143 /* Frameworks */,
				74DDA74C1CB6CF1800054143 /* CopyFiles */,
			);
			buildRules = (
			);
			dependencies = (
			);
			name = CPP_P3;
			productName = CPP_P3;
			productReference = 74DDA74E1CB6CF1800054143 /* CPP_P3 */;
			productType = "com.apple.product-type.tool";
		};
/* End PBXNativeTarget section */

/* Begin PBXProject section */
		74DDA7461CB6CF1800054143 /* Project object */ = {
			isa = PBXProject;
			attributes = {
				LastUpgradeCheck = 0710;
				ORGANIZATIONNAME = "Brett Meyer";
				TargetAttributes = {
					74DDA74D1CB6CF1800054143 = {
						CreatedOnToolsVersion = 7.1.1;
					};
				};
			};
			buildConfigurationList = 74DDA7491CB6CF1800054143 /* Build configuration list for PBXProject "CPP_P3" */;
			compatibilityVersion = "Xcode 3.2";
			developmentRegion = English;
			hasScannedForEncodings = 0;
			knownRegions = (
				en,
			);
			mainGroup = 74DDA7451CB6CF1800054143;
			productRefGroup = 74DDA74F1CB6CF1800054143 /* Products */;
			projectDirPath = "";
			projectRoot = "";
			targets = (
				74DDA74D1CB6CF1800054143 /* CPP_P3 */,
			);
		};
/* End PBXProject section */

/* Begin PBXSourcesBuildPhase section */
		74DDA74A1CB6CF1800054143 /* Sources */ = {
			isa = PBXSourcesBuildPhase;
			buildActionMask = 2147483647;
			files = (
				74DDA7521CB6CF1800054143 /* main.cpp in Sources */,
				74DDA75B1CB6CFC200054143 /* Student.cpp in Sources */,
			);
			runOnlyForDeploymentPostprocessing = 0;
		};
/* End PBXSourcesBuildPhase section */

/* Begin XCBuildConfiguration section */
		74DDA7531CB6CF1800054143 /* Debug */ = {
			isa = XCBuildConfiguration;
			buildSettings = {
				ALWAYS_SEARCH_USER_PATHS = NO;
				CLANG_CXX_LANGUAGE_STANDARD = "gnu++0x";
				CLANG_CXX_LIBRARY = "libc++";
				CLANG_ENABLE_MODULES = YES;
				CLANG_ENABLE_OBJC_ARC = YES;
				CLANG_WARN_BOOL_CONVERSION = YES;
				CLANG_WARN_CONSTANT_CONVERSION = YES;
				CLANG_WARN_DIRECT_OBJC_ISA_USAGE = YES_ERROR;
				CLANG_WARN_EMPTY_BODY = YES;
				CLANG_WARN_ENUM_CONVERSION = YES;
				CLANG_WARN_INT_CONVERSION = YES;
				CLANG_WARN_OBJC_ROOT_CLASS = YES_ERROR;
				CLANG_WARN_UNREACHABLE_CODE = YES;
				CLANG_WARN__DUPLICATE_METHOD_MATCH = YES;
				CODE_SIGN_IDENTITY = "-";
				COPY_PHASE_STRIP = NO;
				DEBUG_INFORMATION_FORMAT = dwarf;
				ENABLE_STRICT_OBJC_MSGSEND = YES;
				ENABLE_TESTABILITY = YES;
				GCC_C_LANGUAGE_STANDARD = gnu99;
				GCC_DYNAMIC_NO_PIC = NO;
				GCC_NO_COMMON_BLOCKS = YES;
				GCC_OPTIMIZATION_LEVEL = 0;
				GCC_PREPROCESSOR_DEFINITIONS = (
					"DEBUG=1",
					"$(inherited)",
				);
				GCC_WARN_64_TO_32_BIT_CONVERSION = YES;
				GCC_WARN_ABOUT_RETURN_TYPE = YES_ERROR;
				GCC_WARN_UNDECLARED_SELECTOR = YES;
				GCC_WARN_UNINITIALIZED_AUTOS = YES_AGGRESSIVE;
				GCC_WARN_UNUSED_FUNCTION = YES;
				GCC_WARN_UNUSED_VARIABLE = YES;
				MACOSX_DEPLOYMENT_TARGET = 10.11;
				MTL_ENABLE_DEBUG_INFO = YES;
				ONLY_ACTIVE_ARCH = YES;
				SDKROOT = macosx;
			};
			name = Debug;
		};
		74DDA7541CB6CF1800054143 /* Release */ = {
			isa = XCBuildConfiguration;
			buildSettings = {
				ALWAYS_SEARCH_USER_PATHS = NO;
				CLANG_CXX_LANGUAGE_STANDARD = "gnu++0x";
				CLANG_CXX_LIBRARY = "libc++";
				CLANG_ENABLE_MODULES = YES;
				CLANG_ENABLE_OBJC_ARC = YES;
				CLANG_WARN_BOOL_CONVERSION = YES;
				CLANG_WARN_CONSTANT_CONVERSION = YES;
				CLANG_WARN_DIRECT_OBJC_ISA_USAGE = YES_ERROR;
				CLANG_WARN_EMPTY_BODY = YES;
				CLANG_WARN_ENUM_CONVERSION = YES;
				CLANG_WARN_INT_CONVERSION = YES;
				CLANG_WARN_OBJC_ROOT_CLASS = YES_ERROR;
				CLANG_WARN_UNREACHABLE_CODE = YES;
				CLANG_WARN__DUPLICATE_METHOD_MATCH = YES;
				CODE_SIGN_IDENTITY = "-";
				COPY_PHASE_STRIP = NO;
				DEBUG_INFORMATION_FORMAT = "dwarf-with-dsym";
				ENABLE_NS_ASSERTIONS = NO;
				ENABLE_STRICT_OBJC_MSGSEND = YES;
				GCC_C_LANGUAGE_STANDARD = gnu99;
				GCC_NO_COMMON_BLOCKS = YES;
				GCC_WARN_64_TO_32_BIT_CONVERSION = YES;
				GCC_WARN_ABOUT_RETURN_TYPE = YES_ERROR;
				GCC_WARN_UNDECLARED_SELECTOR = YES;
				GCC_WARN_UNINITIALIZED_AUTOS = YES_AGGRESSIVE;
				GCC_WARN_UNUSED_FUNCTION = YES;
				GCC_WARN_UNUSED_VARIABLE = YES;
				MACOSX_DEPLOYMENT_TARGET = 10.11;
				MTL_ENABLE_DEBUG_INFO = NO;
				SDKROOT = macosx;
			};
			name = Release;
		};
		74DDA7561CB6CF1800054143 /* Debug */ = {
			isa = XCBuildConfiguration;
			buildSettings = {
				PRODUCT_NAME = "$(TARGET_NAME)";
			};
			name = Debug;
		};
		74DDA7571CB6CF1800054143 /* Release */ = {
			isa = XCBuildConfiguration;
			buildSettings = {
				PRODUCT_NAME = "$(TARGET_NAME)";
			};
			name = Release;
		};
/* End XCBuildConfiguration section */

/* Begin XCConfigurationList section */
		74DDA7491CB6CF1800054143 /* Build configuration list for PBXProject "CPP_P3" */ = {
			isa = XCConfigurationList;
			buildConfigurations = (
				74DDA7531CB6CF1800054143 /* Debug */,
				74DDA7541CB6CF1800054143 /* Release */,
			);
			defaultConfigurationIsVisible = 0;
			defaultConfigurationName = Release;
		};
		74DDA7551CB6CF1800054143 /* Build configuration list for PBXNativeTarget "CPP_P3" */ = {
			isa = XCConfigurationList;
			buildConfigurations = (
				74DDA7561CB6CF1800054143 /* Debug */,
				74DDA7571CB6CF1800054143 /* Release */,
			);
			defaultConfigurationIsVisible = 0;
		};
/* End XCConfigurationList section */
	};
	rootObject = 74DDA7461CB6CF1800054143 /* Project object */;
}
